// !$*UTF8*$!
{
	archiveVersion = 1;
	classes = {
	};
	objectVersion = 50;
	objects = {

/* Begin PBXBuildFile section */
		2F6098A2244F27D9005D1F68 /* AppDelegate.swift in Sources */ = {isa = PBXBuildFile; fileRef = 2F6098A1244F27D9005D1F68 /* AppDelegate.swift */; };
		2F6098A4244F27D9005D1F68 /* SceneDelegate.swift in Sources */ = {isa = PBXBuildFile; fileRef = 2F6098A3244F27D9005D1F68 /* SceneDelegate.swift */; };
		2F6098A6244F27D9005D1F68 /* ViewController.swift in Sources */ = {isa = PBXBuildFile; fileRef = 2F6098A5244F27D9005D1F68 /* ViewController.swift */; };
		2F6098A9244F27D9005D1F68 /* Main.storyboard in Resources */ = {isa = PBXBuildFile; fileRef = 2F6098A7244F27D9005D1F68 /* Main.storyboard */; };
		2F6098AB244F27DC005D1F68 /* Assets.xcassets in Resources */ = {isa = PBXBuildFile; fileRef = 2F6098AA244F27DC005D1F68 /* Assets.xcassets */; };
		2F6098AE244F27DC005D1F68 /* LaunchScreen.storyboard in Resources */ = {isa = PBXBuildFile; fileRef = 2F6098AC244F27DC005D1F68 /* LaunchScreen.storyboard */; };
		2F6098B9244F27DC005D1F68 /* testCatalog1Tests.swift in Sources */ = {isa = PBXBuildFile; fileRef = 2F6098B8244F27DC005D1F68 /* testCatalog1Tests.swift */; };
		2F6098C4244F27DC005D1F68 /* testCatalog1UITests.swift in Sources */ = {isa = PBXBuildFile; fileRef = 2F6098C3244F27DC005D1F68 /* testCatalog1UITests.swift */; };
/* End PBXBuildFile section */

/* Begin PBXContainerItemProxy section */
		2F6098B5244F27DC005D1F68 /* PBXContainerItemProxy */ = {
			isa = PBXContainerItemProxy;
			containerPortal = 2F609896244F27D9005D1F68 /* Project object */;
			proxyType = 1;
			remoteGlobalIDString = 2F60989D244F27D9005D1F68;
			remoteInfo = testCatalog1;
		};
		2F6098C0244F27DC005D1F68 /* PBXContainerItemProxy */ = {
			isa = PBXContainerItemProxy;
			containerPortal = 2F609896244F27D9005D1F68 /* Project object */;
			proxyType = 1;
			remoteGlobalIDString = 2F60989D244F27D9005D1F68;
			remoteInfo = testCatalog1;
		};
/* End PBXContainerItemProxy section */

/* Begin PBXFileReference section */
		2F60989E244F27D9005D1F68 /* testCatalog1.app */ = {isa = PBXFileReference; explicitFileType = wrapper.application; includeInIndex = 0; path = testCatalog1.app; sourceTree = BUILT_PRODUCTS_DIR; };
		2F6098A1244F27D9005D1F68 /* AppDelegate.swift */ = {isa = PBXFileReference; lastKnownFileType = sourcecode.swift; path = AppDelegate.swift; sourceTree = "<group>"; };
		2F6098A3244F27D9005D1F68 /* SceneDelegate.swift */ = {isa = PBXFileReference; lastKnownFileType = sourcecode.swift; path = SceneDelegate.swift; sourceTree = "<group>"; };
		2F6098A5244F27D9005D1F68 /* ViewController.swift */ = {isa = PBXFileReference; lastKnownFileType = sourcecode.swift; path = ViewController.swift; sourceTree = "<group>"; };
		2F6098A8244F27D9005D1F68 /* Base */ = {isa = PBXFileReference; lastKnownFileType = file.storyboard; name = Base; path = Base.lproj/Main.storyboard; sourceTree = "<group>"; };
		2F6098AA244F27DC005D1F68 /* Assets.xcassets */ = {isa = PBXFileReference; lastKnownFileType = folder.assetcatalog; path = Assets.xcassets; sourceTree = "<group>"; };
		2F6098AD244F27DC005D1F68 /* Base */ = {isa = PBXFileReference; lastKnownFileType = file.storyboard; name = Base; path = Base.lproj/LaunchScreen.storyboard; sourceTree = "<group>"; };
		2F6098AF244F27DC005D1F68 /* Info.plist */ = {isa = PBXFileReference; lastKnownFileType = text.plist.xml; path = Info.plist; sourceTree = "<group>"; };
		2F6098B4244F27DC005D1F68 /* testCatalog1Tests.xctest */ = {isa = PBXFileReference; explicitFileType = wrapper.cfbundle; includeInIndex = 0; path = testCatalog1Tests.xctest; sourceTree = BUILT_PRODUCTS_DIR; };
		2F6098B8244F27DC005D1F68 /* testCatalog1Tests.swift */ = {isa = PBXFileReference; lastKnownFileType = sourcecode.swift; path = testCatalog1Tests.swift; sourceTree = "<group>"; };
		2F6098BA244F27DC005D1F68 /* Info.plist */ = {isa = PBXFileReference; lastKnownFileType = text.plist.xml; path = Info.plist; sourceTree = "<group>"; };
		2F6098BF244F27DC005D1F68 /* testCatalog1UITests.xctest */ = {isa = PBXFileReference; explicitFileType = wrapper.cfbundle; includeInIndex = 0; path = testCatalog1UITests.xctest; sourceTree = BUILT_PRODUCTS_DIR; };
		2F6098C3244F27DC005D1F68 /* testCatalog1UITests.swift */ = {isa = PBXFileReference; lastKnownFileType = sourcecode.swift; path = testCatalog1UITests.swift; sourceTree = "<group>"; };
		2F6098C5244F27DC005D1F68 /* Info.plist */ = {isa = PBXFileReference; lastKnownFileType = text.plist.xml; path = Info.plist; sourceTree = "<group>"; };
/* End PBXFileReference section */

/* Begin PBXFrameworksBuildPhase section */
		2F60989B244F27D9005D1F68 /* Frameworks */ = {
			isa = PBXFrameworksBuildPhase;
			buildActionMask = 2147483647;
			files = (
			);
			runOnlyForDeploymentPostprocessing = 0;
		};
		2F6098B1244F27DC005D1F68 /* Frameworks */ = {
			isa = PBXFrameworksBuildPhase;
			buildActionMask = 2147483647;
			files = (
			);
			runOnlyForDeploymentPostprocessing = 0;
		};
		2F6098BC244F27DC005D1F68 /* Frameworks */ = {
			isa = PBXFrameworksBuildPhase;
			buildActionMask = 2147483647;
			files = (
			);
			runOnlyForDeploymentPostprocessing = 0;
		};
/* End PBXFrameworksBuildPhase section */

/* Begin PBXGroup section */
		2F609895244F27D9005D1F68 = {
			isa = PBXGroup;
			children = (
				2F6098A0244F27D9005D1F68 /* testCatalog1 */,
				2F6098B7244F27DC005D1F68 /* testCatalog1Tests */,
				2F6098C2244F27DC005D1F68 /* testCatalog1UITests */,
				2F60989F244F27D9005D1F68 /* Products */,
			);
			sourceTree = "<group>";
		};
		2F60989F244F27D9005D1F68 /* Products */ = {
			isa = PBXGroup;
			children = (
				2F60989E244F27D9005D1F68 /* testCatalog1.app */,
				2F6098B4244F27DC005D1F68 /* testCatalog1Tests.xctest */,
				2F6098BF244F27DC005D1F68 /* testCatalog1UITests.xctest */,
			);
			name = Products;
			sourceTree = "<group>";
		};
		2F6098A0244F27D9005D1F68 /* testCatalog1 */ = {
			isa = PBXGroup;
			children = (
				2F6098A1244F27D9005D1F68 /* AppDelegate.swift */,
				2F6098A3244F27D9005D1F68 /* SceneDelegate.swift */,
				2F6098A5244F27D9005D1F68 /* ViewController.swift */,
				2F6098A7244F27D9005D1F68 /* Main.storyboard */,
				2F6098AA244F27DC005D1F68 /* Assets.xcassets */,
				2F6098AC244F27DC005D1F68 /* LaunchScreen.storyboard */,
				2F6098AF244F27DC005D1F68 /* Info.plist */,
			);
			path = testCatalog1;
			sourceTree = "<group>";
		};
		2F6098B7244F27DC005D1F68 /* testCatalog1Tests */ = {
			isa = PBXGroup;
			children = (
				2F6098B8244F27DC005D1F68 /* testCatalog1Tests.swift */,
				2F6098BA244F27DC005D1F68 /* Info.plist */,
			);
			path = testCatalog1Tests;
			sourceTree = "<group>";
		};
		2F6098C2244F27DC005D1F68 /* testCatalog1UITests */ = {
			isa = PBXGroup;
			children = (
				2F6098C3244F27DC005D1F68 /* testCatalog1UITests.swift */,
				2F6098C5244F27DC005D1F68 /* Info.plist */,
			);
			path = testCatalog1UITests;
			sourceTree = "<group>";
		};
/* End PBXGroup section */

/* Begin PBXNativeTarget section */
		2F60989D244F27D9005D1F68 /* testCatalog1 */ = {
			isa = PBXNativeTarget;
			buildConfigurationList = 2F6098C8244F27DC005D1F68 /* Build configuration list for PBXNativeTarget "testCatalog1" */;
			buildPhases = (
				2F60989A244F27D9005D1F68 /* Sources */,
				2F60989B244F27D9005D1F68 /* Frameworks */,
				2F60989C244F27D9005D1F68 /* Resources */,
			);
			buildRules = (
			);
			dependencies = (
			);
			name = testCatalog1;
			productName = testCatalog1;
			productReference = 2F60989E244F27D9005D1F68 /* testCatalog1.app */;
			productType = "com.apple.product-type.application";
		};
		2F6098B3244F27DC005D1F68 /* testCatalog1Tests */ = {
			isa = PBXNativeTarget;
			buildConfigurationList = 2F6098CB244F27DC005D1F68 /* Build configuration list for PBXNativeTarget "testCatalog1Tests" */;
			buildPhases = (
				2F6098B0244F27DC005D1F68 /* Sources */,
				2F6098B1244F27DC005D1F68 /* Frameworks */,
				2F6098B2244F27DC005D1F68 /* Resources */,
			);
			buildRules = (
			);
			dependencies = (
				2F6098B6244F27DC005D1F68 /* PBXTargetDependency */,
			);
			name = testCatalog1Tests;
			productName = testCatalog1Tests;
			productReference = 2F6098B4244F27DC005D1F68 /* testCatalog1Tests.xctest */;
			productType = "com.apple.product-type.bundle.unit-test";
		};
		2F6098BE244F27DC005D1F68 /* testCatalog1UITests */ = {
			isa = PBXNativeTarget;
			buildConfigurationList = 2F6098CE244F27DC005D1F68 /* Build configuration list for PBXNativeTarget "testCatalog1UITests" */;
			buildPhases = (
				2F6098BB244F27DC005D1F68 /* Sources */,
				2F6098BC244F27DC005D1F68 /* Frameworks */,
				2F6098BD244F27DC005D1F68 /* Resources */,
			);
			buildRules = (
			);
			dependencies = (
				2F6098C1244F27DC005D1F68 /* PBXTargetDependency */,
			);
			name = testCatalog1UITests;
			productName = testCatalog1UITests;
			productReference = 2F6098BF244F27DC005D1F68 /* testCatalog1UITests.xctest */;
			productType = "com.apple.product-type.bundle.ui-testing";
		};
/* End PBXNativeTarget section */

/* Begin PBXProject section */
		2F609896244F27D9005D1F68 /* Project object */ = {
			isa = PBXProject;
			attributes = {
				LastSwiftUpdateCheck = 1110;
				LastUpgradeCheck = 1110;
				ORGANIZATIONNAME = "Malek BARKAOUI";
				TargetAttributes = {
					2F60989D244F27D9005D1F68 = {
						CreatedOnToolsVersion = 11.1;
					};
					2F6098B3244F27DC005D1F68 = {
						CreatedOnToolsVersion = 11.1;
						TestTargetID = 2F60989D244F27D9005D1F68;
					};
					2F6098BE244F27DC005D1F68 = {
						CreatedOnToolsVersion = 11.1;
						TestTargetID = 2F60989D244F27D9005D1F68;
					};
				};
			};
			buildConfigurationList = 2F609899244F27D9005D1F68 /* Build configuration list for PBXProject "testCatalog1" */;
			compatibilityVersion = "Xcode 9.3";
			developmentRegion = en;
			hasScannedForEncodings = 0;
			knownRegions = (
				en,
				Base,
			);
			mainGroup = 2F609895244F27D9005D1F68;
			productRefGroup = 2F60989F244F27D9005D1F68 /* Products */;
			projectDirPath = "";
			projectRoot = "";
			targets = (
				2F60989D244F27D9005D1F68 /* testCatalog1 */,
				2F6098B3244F27DC005D1F68 /* testCatalog1Tests */,
				2F6098BE244F27DC005D1F68 /* testCatalog1UITests */,
			);
		};
/* End PBXProject section */

/* Begin PBXResourcesBuildPhase section */
		2F60989C244F27D9005D1F68 /* Resources */ = {
			isa = PBXResourcesBuildPhase;
			buildActionMask = 2147483647;
			files = (
				2F6098AE244F27DC005D1F68 /* LaunchScreen.storyboard in Resources */,
				2F6098AB244F27DC005D1F68 /* Assets.xcassets in Resources */,
				2F6098A9244F27D9005D1F68 /* Main.storyboard in Resources */,
			);
			runOnlyForDeploymentPostprocessing = 0;
		};
		2F6098B2244F27DC005D1F68 /* Resources */ = {
			isa = PBXResourcesBuildPhase;
			buildActionMask = 2147483647;
			files = (
			);
			runOnlyForDeploymentPostprocessing = 0;
		};
		2F6098BD244F27DC005D1F68 /* Resources */ = {
			isa = PBXResourcesBuildPhase;
			buildActionMask = 2147483647;
			files = (
			);
			runOnlyForDeploymentPostprocessing = 0;
		};
/* End PBXResourcesBuildPhase section */

/* Begin PBXSourcesBuildPhase section */
		2F60989A244F27D9005D1F68 /* Sources */ = {
			isa = PBXSourcesBuildPhase;
			buildActionMask = 2147483647;
			files = (
				2F6098A6244F27D9005D1F68 /* ViewController.swift in Sources */,
				2F6098A2244F27D9005D1F68 /* AppDelegate.swift in Sources */,
				2F6098A4244F27D9005D1F68 /* SceneDelegate.swift in Sources */,
			);
			runOnlyForDeploymentPostprocessing = 0;
		};
		2F6098B0244F27DC005D1F68 /* Sources */ = {
			isa = PBXSourcesBuildPhase;
			buildActionMask = 2147483647;
			files = (
				2F6098B9244F27DC005D1F68 /* testCatalog1Tests.swift in Sources */,
			);
			runOnlyForDeploymentPostprocessing = 0;
		};
		2F6098BB244F27DC005D1F68 /* Sources */ = {
			isa = PBXSourcesBuildPhase;
			buildActionMask = 2147483647;
			files = (
				2F6098C4244F27DC005D1F68 /* testCatalog1UITests.swift in Sources */,
			);
			runOnlyForDeploymentPostprocessing = 0;
		};
/* End PBXSourcesBuildPhase section */

/* Begin PBXTargetDependency section */
		2F6098B6244F27DC005D1F68 /* PBXTargetDependency */ = {
			isa = PBXTargetDependency;
			target = 2F60989D244F27D9005D1F68 /* testCatalog1 */;
			targetProxy = 2F6098B5244F27DC005D1F68 /* PBXContainerItemProxy */;
		};
		2F6098C1244F27DC005D1F68 /* PBXTargetDependency */ = {
			isa = PBXTargetDependency;
			target = 2F60989D244F27D9005D1F68 /* testCatalog1 */;
			targetProxy = 2F6098C0244F27DC005D1F68 /* PBXContainerItemProxy */;
		};
/* End PBXTargetDependency section */

/* Begin PBXVariantGroup section */
		2F6098A7244F27D9005D1F68 /* Main.storyboard */ = {
			isa = PBXVariantGroup;
			children = (
				2F6098A8244F27D9005D1F68 /* Base */,
			);
			name = Main.storyboard;
			sourceTree = "<group>";
		};
		2F6098AC244F27DC005D1F68 /* LaunchScreen.storyboard */ = {
			isa = PBXVariantGroup;
			children = (
				2F6098AD244F27DC005D1F68 /* Base */,
			);
			name = LaunchScreen.storyboard;
			sourceTree = "<group>";
		};
/* End PBXVariantGroup section */

/* Begin XCBuildConfiguration section */
		2F6098C6244F27DC005D1F68 /* Debug */ = {
			isa = XCBuildConfiguration;
			buildSettings = {
				ALWAYS_SEARCH_USER_PATHS = NO;
				CLANG_ANALYZER_NONNULL = YES;
				CLANG_ANALYZER_NUMBER_OBJECT_CONVERSION = YES_AGGRESSIVE;
				CLANG_CXX_LANGUAGE_STANDARD = "gnu++14";
				CLANG_CXX_LIBRARY = "libc++";
				CLANG_ENABLE_MODULES = YES;
				CLANG_ENABLE_OBJC_ARC = YES;
				CLANG_ENABLE_OBJC_WEAK = YES;
				CLANG_WARN_BLOCK_CAPTURE_AUTORELEASING = YES;
				CLANG_WARN_BOOL_CONVERSION = YES;
				CLANG_WARN_COMMA = YES;
				CLANG_WARN_CONSTANT_CONVERSION = YES;
				CLANG_WARN_DEPRECATED_OBJC_IMPLEMENTATIONS = YES;
				CLANG_WARN_DIRECT_OBJC_ISA_USAGE = YES_ERROR;
				CLANG_WARN_DOCUMENTATION_COMMENTS = YES;
				CLANG_WARN_EMPTY_BODY = YES;
				CLANG_WARN_ENUM_CONVERSION = YES;
				CLANG_WARN_INFINITE_RECURSION = YES;
				CLANG_WARN_INT_CONVERSION = YES;
				CLANG_WARN_NON_LITERAL_NULL_CONVERSION = YES;
				CLANG_WARN_OBJC_IMPLICIT_RETAIN_SELF = YES;
				CLANG_WARN_OBJC_LITERAL_CONVERSION = YES;
				CLANG_WARN_OBJC_ROOT_CLASS = YES_ERROR;
				CLANG_WARN_RANGE_LOOP_ANALYSIS = YES;
				CLANG_WARN_STRICT_PROTOTYPES = YES;
				CLANG_WARN_SUSPICIOUS_MOVE = YES;
				CLANG_WARN_UNGUARDED_AVAILABILITY = YES_AGGRESSIVE;
				CLANG_WARN_UNREACHABLE_CODE = YES;
				CLANG_WARN__DUPLICATE_METHOD_MATCH = YES;
				COPY_PHASE_STRIP = NO;
				DEBUG_INFORMATION_FORMAT = dwarf;
				ENABLE_STRICT_OBJC_MSGSEND = YES;
				ENABLE_TESTABILITY = YES;
				GCC_C_LANGUAGE_STANDARD = gnu11;
				GCC_DYNAMIC_NO_PIC = NO;
				GCC_NO_COMMON_BLOCKS = YES;
				GCC_OPTIMIZATION_LEVEL = 0;
				GCC_PREPROCESSOR_DEFINITIONS = (
					"DEBUG=1",
					"$(inherited)",
				);
				GCC_WARN_64_TO_32_BIT_CONVERSION = YES;
				GCC_WARN_ABOUT_RETURN_TYPE = YES_ERROR;
				GCC_WARN_UNDECLARED_SELECTOR = YES;
				GCC_WARN_UNINITIALIZED_AUTOS = YES_AGGRESSIVE;
				GCC_WARN_UNUSED_FUNCTION = YES;
				GCC_WARN_UNUSED_VARIABLE = YES;
				IPHONEOS_DEPLOYMENT_TARGET = 13.1;
				MTL_ENABLE_DEBUG_INFO = INCLUDE_SOURCE;
				MTL_FAST_MATH = YES;
				ONLY_ACTIVE_ARCH = YES;
				SDKROOT = iphoneos;
				SWIFT_ACTIVE_COMPILATION_CONDITIONS = DEBUG;
				SWIFT_OPTIMIZATION_LEVEL = "-Onone";
			};
			name = Debug;
		};
		2F6098C7244F27DC005D1F68 /* Release */ = {
			isa = XCBuildConfiguration;
			buildSettings = {
				ALWAYS_SEARCH_USER_PATHS = NO;
				CLANG_ANALYZER_NONNULL = YES;
				CLANG_ANALYZER_NUMBER_OBJECT_CONVERSION = YES_AGGRESSIVE;
				CLANG_CXX_LANGUAGE_STANDARD = "gnu++14";
				CLANG_CXX_LIBRARY = "libc++";
				CLANG_ENABLE_MODULES = YES;
				CLANG_ENABLE_OBJC_ARC = YES;
				CLANG_ENABLE_OBJC_WEAK = YES;
				CLANG_WARN_BLOCK_CAPTURE_AUTORELEASING = YES;
				CLANG_WARN_BOOL_CONVERSION = YES;
				CLANG_WARN_COMMA = YES;
				CLANG_WARN_CONSTANT_CONVERSION = YES;
				CLANG_WARN_DEPRECATED_OBJC_IMPLEMENTATIONS = YES;
				CLANG_WARN_DIRECT_OBJC_ISA_USAGE = YES_ERROR;
				CLANG_WARN_DOCUMENTATION_COMMENTS = YES;
				CLANG_WARN_EMPTY_BODY = YES;
				CLANG_WARN_ENUM_CONVERSION = YES;
				CLANG_WARN_INFINITE_RECURSION = YES;
				CLANG_WARN_INT_CONVERSION = YES;
				CLANG_WARN_NON_LITERAL_NULL_CONVERSION = YES;
				CLANG_WARN_OBJC_IMPLICIT_RETAIN_SELF = YES;
				CLANG_WARN_OBJC_LITERAL_CONVERSION = YES;
				CLANG_WARN_OBJC_ROOT_CLASS = YES_ERROR;
				CLANG_WARN_RANGE_LOOP_ANALYSIS = YES;
				CLANG_WARN_STRICT_PROTOTYPES = YES;
				CLANG_WARN_SUSPICIOUS_MOVE = YES;
				CLANG_WARN_UNGUARDED_AVAILABILITY = YES_AGGRESSIVE;
				CLANG_WARN_UNREACHABLE_CODE = YES;
				CLANG_WARN__DUPLICATE_METHOD_MATCH = YES;
				COPY_PHASE_STRIP = NO;
				DEBUG_INFORMATION_FORMAT = "dwarf-with-dsym";
				ENABLE_NS_ASSERTIONS = NO;
				ENABLE_STRICT_OBJC_MSGSEND = YES;
				GCC_C_LANGUAGE_STANDARD = gnu11;
				GCC_NO_COMMON_BLOCKS = YES;
				GCC_WARN_64_TO_32_BIT_CONVERSION = YES;
				GCC_WARN_ABOUT_RETURN_TYPE = YES_ERROR;
				GCC_WARN_UNDECLARED_SELECTOR = YES;
				GCC_WARN_UNINITIALIZED_AUTOS = YES_AGGRESSIVE;
				GCC_WARN_UNUSED_FUNCTION = YES;
				GCC_WARN_UNUSED_VARIABLE = YES;
				IPHONEOS_DEPLOYMENT_TARGET = 13.1;
				MTL_ENABLE_DEBUG_INFO = NO;
				MTL_FAST_MATH = YES;
				SDKROOT = iphoneos;
				SWIFT_COMPILATION_MODE = wholemodule;
				SWIFT_OPTIMIZATION_LEVEL = "-O";
				VALIDATE_PRODUCT = YES;
			};
			name = Release;
		};
		2F6098C9244F27DC005D1F68 /* Debug */ = {
			isa = XCBuildConfiguration;
			buildSettings = {
				ASSETCATALOG_COMPILER_APPICON_NAME = AppIcon;
				CODE_SIGN_STYLE = Automatic;
				INFOPLIST_FILE = testCatalog1/Info.plist;
				LD_RUNPATH_SEARCH_PATHS = (
					"$(inherited)",
					"@executable_path/Frameworks",
				);
				PRODUCT_BUNDLE_IDENTIFIER = com.Niji.testCatalog1;
				PRODUCT_NAME = "$(TARGET_NAME)";
				SWIFT_VERSION = 5.0;
				TARGETED_DEVICE_FAMILY = "1,2";
			};
			name = Debug;
		};
		2F6098CA244F27DC005D1F68 /* Release */ = {
			isa = XCBuildConfiguration;
			buildSettings = {
				ASSETCATALOG_COMPILER_APPICON_NAME = AppIcon;
				CODE_SIGN_STYLE = Automatic;
				INFOPLIST_FILE = testCatalog1/Info.plist;
				LD_RUNPATH_SEARCH_PATHS = (
					"$(inherited)",
					"@executable_path/Frameworks",
				);
				PRODUCT_BUNDLE_IDENTIFIER = com.Niji.testCatalog1;
				PRODUCT_NAME = "$(TARGET_NAME)";
				SWIFT_VERSION = 5.0;
				TARGETED_DEVICE_FAMILY = "1,2";
			};
			name = Release;
		};
		2F6098CC244F27DC005D1F68 /* Debug */ = {
			isa = XCBuildConfiguration;
			buildSettings = {
				ALWAYS_EMBED_SWIFT_STANDARD_LIBRARIES = YES;
				BUNDLE_LOADER = "$(TEST_HOST)";
				CODE_SIGN_STYLE = Automatic;
				INFOPLIST_FILE = testCatalog1Tests/Info.plist;
				IPHONEOS_DEPLOYMENT_TARGET = 13.1;
				LD_RUNPATH_SEARCH_PATHS = (
					"$(inherited)",
					"@executable_path/Frameworks",
					"@loader_path/Frameworks",
				);
				PRODUCT_BUNDLE_IDENTIFIER = com.Niji.testCatalog1Tests;
				PRODUCT_NAME = "$(TARGET_NAME)";
				SWIFT_VERSION = 5.0;
				TARGETED_DEVICE_FAMILY = "1,2";
				TEST_HOST = "$(BUILT_PRODUCTS_DIR)/testCatalog1.app/testCatalog1";
			};
			name = Debug;
		};
		2F6098CD244F27DC005D1F68 /* Release */ = {
			isa = XCBuildConfiguration;
			buildSettings = {
				ALWAYS_EMBED_SWIFT_STANDARD_LIBRARIES = YES;
				BUNDLE_LOADER = "$(TEST_HOST)";
				CODE_SIGN_STYLE = Automatic;
				INFOPLIST_FILE = testCatalog1Tests/Info.plist;
				IPHONEOS_DEPLOYMENT_TARGET = 13.1;
				LD_RUNPATH_SEARCH_PATHS = (
					"$(inherited)",
					"@executable_path/Frameworks",
					"@loader_path/Frameworks",
				);
				PRODUCT_BUNDLE_IDENTIFIER = com.Niji.testCatalog1Tests;
				PRODUCT_NAME = "$(TARGET_NAME)";
				SWIFT_VERSION = 5.0;
				TARGETED_DEVICE_FAMILY = "1,2";
				TEST_HOST = "$(BUILT_PRODUCTS_DIR)/testCatalog1.app/testCatalog1";
			};
			name = Release;
		};
		2F6098CF244F27DC005D1F68 /* Debug */ = {
			isa = XCBuildConfiguration;
			buildSettings = {
				ALWAYS_EMBED_SWIFT_STANDARD_LIBRARIES = YES;
				CODE_SIGN_STYLE = Automatic;
				INFOPLIST_FILE = testCatalog1UITests/Info.plist;
				LD_RUNPATH_SEARCH_PATHS = (
					"$(inherited)",
					"@executable_path/Frameworks",
					"@loader_path/Frameworks",
				);
				PRODUCT_BUNDLE_IDENTIFIER = com.Niji.testCatalog1UITests;
				PRODUCT_NAME = "$(TARGET_NAME)";
				SWIFT_VERSION = 5.0;
				TARGETED_DEVICE_FAMILY = "1,2";
				TEST_TARGET_NAME = testCatalog1;
			};
			name = Debug;
		};
		2F6098D0244F27DC005D1F68 /* Release */ = {
			isa = XCBuildConfiguration;
			buildSettings = {
				ALWAYS_EMBED_SWIFT_STANDARD_LIBRARIES = YES;
				CODE_SIGN_STYLE = Automatic;
				INFOPLIST_FILE = testCatalog1UITests/Info.plist;
				LD_RUNPATH_SEARCH_PATHS = (
					"$(inherited)",
					"@executable_path/Frameworks",
					"@loader_path/Frameworks",
				);
				PRODUCT_BUNDLE_IDENTIFIER = com.Niji.testCatalog1UITests;
				PRODUCT_NAME = "$(TARGET_NAME)";
				SWIFT_VERSION = 5.0;
				TARGETED_DEVICE_FAMILY = "1,2";
				TEST_TARGET_NAME = testCatalog1;
			};
			name = Release;
		};
/* End XCBuildConfiguration section */

/* Begin XCConfigurationList section */
		2F609899244F27D9005D1F68 /* Build configuration list for PBXProject "testCatalog1" */ = {
			isa = XCConfigurationList;
			buildConfigurations = (
				2F6098C6244F27DC005D1F68 /* Debug */,
				2F6098C7244F27DC005D1F68 /* Release */,
			);
			defaultConfigurationIsVisible = 0;
			defaultConfigurationName = Release;
		};
		2F6098C8244F27DC005D1F68 /* Build configuration list for PBXNativeTarget "testCatalog1" */ = {
			isa = XCConfigurationList;
			buildConfigurations = (
				2F6098C9244F27DC005D1F68 /* Debug */,
				2F6098CA244F27DC005D1F68 /* Release */,
			);
			defaultConfigurationIsVisible = 0;
			defaultConfigurationName = Release;
		};
		2F6098CB244F27DC005D1F68 /* Build configuration list for PBXNativeTarget "testCatalog1Tests" */ = {
			isa = XCConfigurationList;
			buildConfigurations = (
				2F6098CC244F27DC005D1F68 /* Debug */,
				2F6098CD244F27DC005D1F68 /* Release */,
			);
			defaultConfigurationIsVisible = 0;
			defaultConfigurationName = Release;
		};
		2F6098CE244F27DC005D1F68 /* Build configuration list for PBXNativeTarget "testCatalog1UITests" */ = {
			isa = XCConfigurationList;
			buildConfigurations = (
				2F6098CF244F27DC005D1F68 /* Debug */,
				2F6098D0244F27DC005D1F68 /* Release */,
			);
			defaultConfigurationIsVisible = 0;
			defaultConfigurationName = Release;
		};
/* End XCConfigurationList section */
	};
	rootObject = 2F609896244F27D9005D1F68 /* Project object */;
}
